
Microsoft Visual Studio Solution File, Format Version 12.00
# Visual Studio Version 16
VisualStudioVersion = 16.0.31613.86
MinimumVisualStudioVersion = 10.0.40219.1
Project("{FAE04EC0-301F-11D3-BF4B-00C04F79EFBC}") = "calc1", "Calc\calc1.csproj", "{96B1800D-7DEB-45DE-9F99-38659F0BA573}"
EndProject
Global
	GlobalSection(SolutionConfigurationPlatforms) = preSolution
		Debug|Any CPU = Debug|Any CPU
		Release|Any CPU = Release|Any CPU
	EndGlobalSection
	GlobalSection(ProjectConfigurationPlatforms) = postSolution
		{96B1800D-7DEB-45DE-9F99-38659F0BA573}.Debug|Any CPU.ActiveCfg = Debug|Any CPU
		{96B1800D-7DEB-45DE-9F99-38659F0BA573}.Debug|Any CPU.Build.0 = Debug|Any CPU
		{96B1800D-7DEB-45DE-9F99-38659F0BA573}.Release|Any CPU.ActiveCfg = Release|Any CPU
		{96B1800D-7DEB-45DE-9F99-38659F0BA573}.Release|Any CPU.Build.0 = Release|Any CPU
	EndGlobalSection
	GlobalSection(SolutionProperties) = preSolution
		HideSolutionNode = FALSE
	EndGlobalSection
	GlobalSection(ExtensibilityGlobals) = postSolution
		SolutionGuid = {D5978CE4-D6DE-4C5B-B012-ED7AD5ED2C0E}
	EndGlobalSection
EndGlobal
